lockVersion: 2.0.0
id: 521af75f-d011-41f9-a5ff-9f8033773118
management:
  docChecksum: a0841885f1d2df6bf65c33550d1be776
  docVersion: 0.4.0
  speakeasyVersion: 1.467.0
  generationVersion: 2.492.3
  releaseVersion: 2.0.5
  configChecksum: 0b4515515b2a961d48260363bf6fecaf
  published: true
features:
  typescript:
    additionalDependencies: 0.1.0
    core: 3.18.12
    defaultEnabledRetries: 0.1.0
    devContainers: 2.90.0
    envVarSecurityUsage: 0.1.2
    globalSecurity: 2.82.12
    globalSecurityCallbacks: 0.1.0
    globalSecurityFlattening: 0.1.0
    globalServerURLs: 2.82.4
    globals: 2.82.1
    groups: 2.81.2
    nameOverrides: 2.81.2
    reactQueryHooks: 0.2.2
    responseFormat: 0.2.3
    retries: 2.83.0
    sdkHooks: 0.2.0
    serverIDs: 2.81.2
generatedFiles:
  - .devcontainer/README.md
  - .devcontainer/devcontainer.json
  - .devcontainer/setup.sh
  - .eslintrc.cjs
  - .gitattributes
  - .npmignore
  - FUNCTIONS.md
  - REACT_QUERY.md
  - RUNTIMES.md
  - USAGE.md
  - docs/lib/utils/retryconfig.md
  - docs/models/components/security.md
  - docs/models/components/usagesnippet.md
  - docs/models/components/usagesnippets.md
  - docs/models/errors/errort.md
  - docs/models/operations/getcodesamplesglobals.md
  - docs/models/operations/getcodesamplesrequest.md
  - docs/sdks/codesamples/README.md
  - docs/sdks/speakeasycodesamples/README.md
  - jsr.json
  - package.json
  - src/core.ts
  - src/funcs/codeSamplesGet.ts
  - src/hooks/hooks.ts
  - src/hooks/index.ts
  - src/hooks/types.ts
  - src/index.ts
  - src/lib/base64.ts
  - src/lib/config.ts
  - src/lib/dlv.ts
  - src/lib/encodings.ts
  - src/lib/files.ts
  - src/lib/http.ts
  - src/lib/is-plain-object.ts
  - src/lib/logger.ts
  - src/lib/matchers.ts
  - src/lib/primitives.ts
  - src/lib/retries.ts
  - src/lib/schemas.ts
  - src/lib/sdks.ts
  - src/lib/security.ts
  - src/lib/url.ts
  - src/models/components/index.ts
  - src/models/components/security.ts
  - src/models/components/usagesnippet.ts
  - src/models/components/usagesnippets.ts
  - src/models/errors/apierror.ts
  - src/models/errors/error.ts
  - src/models/errors/httpclienterrors.ts
  - src/models/errors/index.ts
  - src/models/errors/sdkvalidationerror.ts
  - src/models/operations/getcodesamples.ts
  - src/models/operations/index.ts
  - src/react-query/_context.tsx
  - src/react-query/_types.ts
  - src/react-query/codeSamplesGet.ts
  - src/react-query/index.ts
  - src/sdk/codesamples.ts
  - src/sdk/index.ts
  - src/sdk/sdk.ts
  - src/types/blobs.ts
  - src/types/constdatetime.ts
  - src/types/enums.ts
  - src/types/fp.ts
  - src/types/index.ts
  - src/types/operations.ts
  - src/types/rfcdate.ts
  - src/types/streams.ts
  - tsconfig.json
examples:
  getCodeSamples:
    speakeasy-default-get-code-samples:
      parameters:
        query:
          registry_url: "https://spec.speakeasy.com/org/ws/my-source"
      responses:
        2XX:
          application/json: {"snippets": [{"operationId": "<id>", "language": "<value>", "code": "<value>"}, {"operationId": "<id>", "language": "<value>", "code": "<value>"}]}
        4XX:
          application/json: {"message": "<value>", "status_code": 558834}
generatedTests: {}
