speakeasyVersion: 1.796.4
sources:
    speakeasy-OAS:
        sourceNamespace: speakeasy-oas
        sourceRevisionDigest: sha256:26f455beda0b6b455c3c4b706d0739826263537f35a877de129f945a856664fc
        sourceBlobDigest: sha256:33285be1bc6252ed7abba1696dc4643406e2df66fb154ce9b7320192a35473e5
        tags:
            - latest
            - 0.4.0
targets:
    code_samples_typescript_sdk:
        source: speakeasy-OAS
        sourceNamespace: speakeasy-oas
        sourceRevisionDigest: sha256:26f455beda0b6b455c3c4b706d0739826263537f35a877de129f945a856664fc
        sourceBlobDigest: sha256:33285be1bc6252ed7abba1696dc4643406e2df66fb154ce9b7320192a35473e5
        codeSamplesNamespace: speakeasy-oas-typescript-code-samples
        codeSamplesRevisionDigest: sha256:b1dd14a70682337921089bf92025cbdb2a0175f13250e07d113bb9aa979db52a
workflow:
    workflowVersion: 1.0.0
    speakeasyVersion: latest
    sources:
        speakeasy-OAS:
            inputs:
                - location: https://www.speakeasy.com/openapi.yaml
            overlays:
                - location: overlay.yaml
            transformations:
                - filterOperations:
                    operations: getCodeSamples
                    include: true
            registry:
                location: registry.speakeasyapi.dev/speakeasy-self/speakeasy-public/speakeasy-oas
    targets:
        code_samples_typescript_sdk:
            target: typescript
            source: speakeasy-OAS
            publish:
                npm:
                    token: $npm_token
            codeSamples:
                registry:
                    location: registry.speakeasyapi.dev/speakeasy-self/speakeasy-public/speakeasy-oas-typescript-code-samples
                labelOverride:
                    fixedValue: TypeScript (SDK)
                blocking: false
